
Microsoft Visual Studio Solution File, Format Version 12.00
# Visual Studio Version 16
VisualStudioVersion = 16.0.30804.86
MinimumVisualStudioVersion = 10.0.40219.1
Project("{2150E333-8FDC-42A3-9474-1A3956D46DE8}") = "src", "src", "{0FD375B8-FAD6-43AA-A974-0925690EBC2A}"
EndProject
Project("{2150E333-8FDC-42A3-9474-1A3956D46DE8}") = "test", "test", "{BC6106BB-0677-4533-8B0F-BE8CE0BAC4DB}"
EndProject
Project("{9A19103F-16F7-4668-BE54-9A1E7A4F7556}") = "Serilog.Sinks.Http.Loki", "src\Serilog.Sinks.Http.Loki\Serilog.Sinks.Http.Loki.csproj", "{1535C0B8-DB23-4C69-B8C0-0BD8626B304A}"
EndProject
Project("{9A19103F-16F7-4668-BE54-9A1E7A4F7556}") = "Serilog.Sinks.Http.LokiTests", "test\Serilog.Sinks.Http.LokiTests\Serilog.Sinks.Http.LokiTests.csproj", "{6C6D2ADE-6C25-421A-A60A-E89C7511124F}"
EndProject
Project("{9A19103F-16F7-4668-BE54-9A1E7A4F7556}") = "Serilog.Sinks.Http.Loki.Example", "src\Serilog.Sinks.Http.Loki.Example\Serilog.Sinks.Http.Loki.Example.csproj", "{A53792CA-E4E9-433C-ACAF-5A9179C55036}"
EndProject
Global
	GlobalSection(SolutionConfigurationPlatforms) = preSolution
		Debug|Any CPU = Debug|Any CPU
		Release|Any CPU = Release|Any CPU
	EndGlobalSection
	GlobalSection(ProjectConfigurationPlatforms) = postSolution
		{1535C0B8-DB23-4C69-B8C0-0BD8626B304A}.Debug|Any CPU.ActiveCfg = Debug|Any CPU
		{1535C0B8-DB23-4C69-B8C0-0BD8626B304A}.Debug|Any CPU.Build.0 = Debug|Any CPU
		{1535C0B8-DB23-4C69-B8C0-0BD8626B304A}.Release|Any CPU.ActiveCfg = Release|Any CPU
		{1535C0B8-DB23-4C69-B8C0-0BD8626B304A}.Release|Any CPU.Build.0 = Release|Any CPU
		{6C6D2ADE-6C25-421A-A60A-E89C7511124F}.Debug|Any CPU.ActiveCfg = Debug|Any CPU
		{6C6D2ADE-6C25-421A-A60A-E89C7511124F}.Debug|Any CPU.Build.0 = Debug|Any CPU
		{6C6D2ADE-6C25-421A-A60A-E89C7511124F}.Release|Any CPU.ActiveCfg = Release|Any CPU
		{6C6D2ADE-6C25-421A-A60A-E89C7511124F}.Release|Any CPU.Build.0 = Release|Any CPU
		{A53792CA-E4E9-433C-ACAF-5A9179C55036}.Debug|Any CPU.ActiveCfg = Debug|Any CPU
		{A53792CA-E4E9-433C-ACAF-5A9179C55036}.Debug|Any CPU.Build.0 = Debug|Any CPU
		{A53792CA-E4E9-433C-ACAF-5A9179C55036}.Release|Any CPU.ActiveCfg = Release|Any CPU
		{A53792CA-E4E9-433C-ACAF-5A9179C55036}.Release|Any CPU.Build.0 = Release|Any CPU
	EndGlobalSection
	GlobalSection(SolutionProperties) = preSolution
		HideSolutionNode = FALSE
	EndGlobalSection
	GlobalSection(NestedProjects) = preSolution
		{1535C0B8-DB23-4C69-B8C0-0BD8626B304A} = {0FD375B8-FAD6-43AA-A974-0925690EBC2A}
		{6C6D2ADE-6C25-421A-A60A-E89C7511124F} = {BC6106BB-0677-4533-8B0F-BE8CE0BAC4DB}
		{A53792CA-E4E9-433C-ACAF-5A9179C55036} = {0FD375B8-FAD6-43AA-A974-0925690EBC2A}
	EndGlobalSection
	GlobalSection(ExtensibilityGlobals) = postSolution
		SolutionGuid = {854C9D9F-E391-4009-933F-20E0E9FAA572}
	EndGlobalSection
EndGlobal
